PODS:
  - CocoaLumberjack (3.7.2):
    - CocoaLumberjack/Core (= 3.7.2)
  - CocoaLumberjack/Core (3.7.2)
  - SDWebImage/Core (5.11.1)
  - SDWebImageSVGKitPlugin (1.3.0):
    - SDWebImage/Core (~> 5.10)
    - SVGKit (>= 2.1)
  - SVGKit (3.0.0):
    - CocoaLumberjack (~> 3.0)

DEPENDENCIES:
  - SDWebImageSVGKitPlugin

SPEC REPOS:
  trunk:
    - CocoaLumberjack
    - SDWebImage
    - SDWebImageSVGKitPlugin
    - SVGKit

SPEC CHECKSUMS:
  CocoaLumberjack: b7e05132ff94f6ae4dfa9d5bce9141893a21d9da
  SDWebImage: a7f831e1a65eb5e285e3fb046a23fcfbf08e696d
  SDWebImageSVGKitPlugin: 8797e1c9b9baf80bd50d28e673e16a12359af1c9
  SVGKit: 1ad7513f8c74d9652f94ed64ddecda1a23864dea

PODFILE CHECKSUM: 6bb246d254747a5c29170025e200c14bb80b6def

COCOAPODS: 1.10.1
