// !$*UTF8*$!
{
	archiveVersion = 1;
	classes = {
	};
	objectVersion = 51;
	objects = {

/* Begin PBXBuildFile section */
		B1C842E2E7A32FC3B0D93F3B /* Pods_WE_VENTURE_iOS_Developer_Position_Task.framework in Frameworks */ = {isa = PBXBuildFile; fileRef = 35108F72601E76934338587C /* Pods_WE_VENTURE_iOS_Developer_Position_Task.framework */; };
		F930D40526AAE355005262CA /* PremierLeagueTeamsViewController.swift in Sources */ = {isa = PBXBuildFile; fileRef = F930D40326AAE355005262CA /* PremierLeagueTeamsViewController.swift */; };
		F930D40626AAE355005262CA /* PremierLeagueTeamsViewController.xib in Resources */ = {isa = PBXBuildFile; fileRef = F930D40426AAE355005262CA /* PremierLeagueTeamsViewController.xib */; };
		F930D40926AAE387005262CA /* RootViewController.swift in Sources */ = {isa = PBXBuildFile; fileRef = F930D40826AAE387005262CA /* RootViewController.swift */; };
		F930D41026AAE819005262CA /* PremierLeagueTeamCollectionViewCell.swift in Sources */ = {isa = PBXBuildFile; fileRef = F930D40E26AAE819005262CA /* PremierLeagueTeamCollectionViewCell.swift */; };
		F930D41126AAE819005262CA /* PremierLeagueTeamCollectionViewCell.xib in Resources */ = {isa = PBXBuildFile; fileRef = F930D40F26AAE819005262CA /* PremierLeagueTeamCollectionViewCell.xib */; };
		F930D41526AAEA46005262CA /* UIExtensions.swift in Sources */ = {isa = PBXBuildFile; fileRef = F930D41426AAEA46005262CA /* UIExtensions.swift */; };
		F930D41A26AAEC7A005262CA /* CircleAvatarImageView.swift in Sources */ = {isa = PBXBuildFile; fileRef = F930D41926AAEC7A005262CA /* CircleAvatarImageView.swift */; };
		F9577BAF26AAFCE000564310 /* LeagueTeamInfoViewController.swift in Sources */ = {isa = PBXBuildFile; fileRef = F9577BAD26AAFCE000564310 /* LeagueTeamInfoViewController.swift */; };
		F9577BB026AAFCE000564310 /* LeagueTeamInfoViewController.xib in Resources */ = {isa = PBXBuildFile; fileRef = F9577BAE26AAFCE000564310 /* LeagueTeamInfoViewController.xib */; };
		F9E67BB226AAD4F3002656CF /* AppDelegate.swift in Sources */ = {isa = PBXBuildFile; fileRef = F9E67BB126AAD4F3002656CF /* AppDelegate.swift */; };
		F9E67BBB26AAD4F4002656CF /* Assets.xcassets in Resources */ = {isa = PBXBuildFile; fileRef = F9E67BBA26AAD4F4002656CF /* Assets.xcassets */; };
		F9E67BBE26AAD4F5002656CF /* LaunchScreen.storyboard in Resources */ = {isa = PBXBuildFile; fileRef = F9E67BBC26AAD4F5002656CF /* LaunchScreen.storyboard */; };
		F9E67C0926AAD9A2002656CF /* PremierLeagueTeamsViewModel.swift in Sources */ = {isa = PBXBuildFile; fileRef = F9E67C0826AAD9A2002656CF /* PremierLeagueTeamsViewModel.swift */; };
		F9E67C0C26AAD9C0002656CF /* PremierLeagueTeamsViewModeling.swift in Sources */ = {isa = PBXBuildFile; fileRef = F9E67C0B26AAD9C0002656CF /* PremierLeagueTeamsViewModeling.swift */; };
		F9E67C1226AADB66002656CF /* PremierLeagueRepository.swift in Sources */ = {isa = PBXBuildFile; fileRef = F9E67C1126AADB66002656CF /* PremierLeagueRepository.swift */; };
		F9E67C2A26AADC85002656CF /* RequestHandler.swift in Sources */ = {isa = PBXBuildFile; fileRef = F9E67C2026AADC85002656CF /* RequestHandler.swift */; };
		F9E67C2B26AADC85002656CF /* RequestType.swift in Sources */ = {isa = PBXBuildFile; fileRef = F9E67C2126AADC85002656CF /* RequestType.swift */; };
		F9E67C2E26AADC85002656CF /* Extensions.swift in Sources */ = {isa = PBXBuildFile; fileRef = F9E67C2526AADC85002656CF /* Extensions.swift */; };
		F9E67C2F26AADC85002656CF /* ResponseDecoder.swift in Sources */ = {isa = PBXBuildFile; fileRef = F9E67C2726AADC85002656CF /* ResponseDecoder.swift */; };
		F9E67C3026AADC85002656CF /* Error.swift in Sources */ = {isa = PBXBuildFile; fileRef = F9E67C2926AADC85002656CF /* Error.swift */; };
		F9E67C3526AADD4E002656CF /* RequestFetcher.swift in Sources */ = {isa = PBXBuildFile; fileRef = F9E67C3426AADD4E002656CF /* RequestFetcher.swift */; };
		F9E67C3A26AADDB7002656CF /* Decoder.swift in Sources */ = {isa = PBXBuildFile; fileRef = F9E67C3926AADDB7002656CF /* Decoder.swift */; };
		F9E67C4426AAE078002656CF /* PremierLeagueTeamsResponse.swift in Sources */ = {isa = PBXBuildFile; fileRef = F9E67C3E26AAE078002656CF /* PremierLeagueTeamsResponse.swift */; };
		F9E67C4626AAE078002656CF /* Teams.swift in Sources */ = {isa = PBXBuildFile; fileRef = F9E67C4026AAE078002656CF /* Teams.swift */; };
/* End PBXBuildFile section */

/* Begin PBXFileReference section */
		35108F72601E76934338587C /* Pods_WE_VENTURE_iOS_Developer_Position_Task.framework */ = {isa = PBXFileReference; explicitFileType = wrapper.framework; includeInIndex = 0; path = Pods_WE_VENTURE_iOS_Developer_Position_Task.framework; sourceTree = BUILT_PRODUCTS_DIR; };
		6F9C98CA303E8586DC578A73 /* Pods-WE-VENTURE-iOS-Developer-Position-Task.release.xcconfig */ = {isa = PBXFileReference; includeInIndex = 1; lastKnownFileType = text.xcconfig; name = "Pods-WE-VENTURE-iOS-Developer-Position-Task.release.xcconfig"; path = "Target Support Files/Pods-WE-VENTURE-iOS-Developer-Position-Task/Pods-WE-VENTURE-iOS-Developer-Position-Task.release.xcconfig"; sourceTree = "<group>"; };
		E8E7512D382F88DE26FD5FF8 /* Pods-WE-VENTURE-iOS-Developer-Position-Task.debug.xcconfig */ = {isa = PBXFileReference; includeInIndex = 1; lastKnownFileType = text.xcconfig; name = "Pods-WE-VENTURE-iOS-Developer-Position-Task.debug.xcconfig"; path = "Target Support Files/Pods-WE-VENTURE-iOS-Developer-Position-Task/Pods-WE-VENTURE-iOS-Developer-Position-Task.debug.xcconfig"; sourceTree = "<group>"; };
		F930D40326AAE355005262CA /* PremierLeagueTeamsViewController.swift */ = {isa = PBXFileReference; lastKnownFileType = sourcecode.swift; path = PremierLeagueTeamsViewController.swift; sourceTree = "<group>"; };
		F930D40426AAE355005262CA /* PremierLeagueTeamsViewController.xib */ = {isa = PBXFileReference; lastKnownFileType = file.xib; path = PremierLeagueTeamsViewController.xib; sourceTree = "<group>"; };
		F930D40826AAE387005262CA /* RootViewController.swift */ = {isa = PBXFileReference; lastKnownFileType = sourcecode.swift; path = RootViewController.swift; sourceTree = "<group>"; };
		F930D40E26AAE819005262CA /* PremierLeagueTeamCollectionViewCell.swift */ = {isa = PBXFileReference; lastKnownFileType = sourcecode.swift; path = PremierLeagueTeamCollectionViewCell.swift; sourceTree = "<group>"; };
		F930D40F26AAE819005262CA /* PremierLeagueTeamCollectionViewCell.xib */ = {isa = PBXFileReference; lastKnownFileType = file.xib; path = PremierLeagueTeamCollectionViewCell.xib; sourceTree = "<group>"; };
		F930D41426AAEA46005262CA /* UIExtensions.swift */ = {isa = PBXFileReference; lastKnownFileType = sourcecode.swift; path = UIExtensions.swift; sourceTree = "<group>"; };
		F930D41926AAEC7A005262CA /* CircleAvatarImageView.swift */ = {isa = PBXFileReference; lastKnownFileType = sourcecode.swift; path = CircleAvatarImageView.swift; sourceTree = "<group>"; };
		F9577BAD26AAFCE000564310 /* LeagueTeamInfoViewController.swift */ = {isa = PBXFileReference; lastKnownFileType = sourcecode.swift; path = LeagueTeamInfoViewController.swift; sourceTree = "<group>"; };
		F9577BAE26AAFCE000564310 /* LeagueTeamInfoViewController.xib */ = {isa = PBXFileReference; lastKnownFileType = file.xib; path = LeagueTeamInfoViewController.xib; sourceTree = "<group>"; };
		F9E67BAE26AAD4F3002656CF /* WE-VENTURE-iOS-Developer-Position-Task.app */ = {isa = PBXFileReference; explicitFileType = wrapper.application; includeInIndex = 0; path = "WE-VENTURE-iOS-Developer-Position-Task.app"; sourceTree = BUILT_PRODUCTS_DIR; };
		F9E67BB126AAD4F3002656CF /* AppDelegate.swift */ = {isa = PBXFileReference; lastKnownFileType = sourcecode.swift; path = AppDelegate.swift; sourceTree = "<group>"; };
		F9E67BBA26AAD4F4002656CF /* Assets.xcassets */ = {isa = PBXFileReference; lastKnownFileType = folder.assetcatalog; path = Assets.xcassets; sourceTree = "<group>"; };
		F9E67BBD26AAD4F5002656CF /* Base */ = {isa = PBXFileReference; lastKnownFileType = file.storyboard; name = Base; path = Base.lproj/LaunchScreen.storyboard; sourceTree = "<group>"; };
		F9E67BBF26AAD4F5002656CF /* Info.plist */ = {isa = PBXFileReference; lastKnownFileType = text.plist.xml; path = Info.plist; sourceTree = "<group>"; };
		F9E67C0826AAD9A2002656CF /* PremierLeagueTeamsViewModel.swift */ = {isa = PBXFileReference; lastKnownFileType = sourcecode.swift; path = PremierLeagueTeamsViewModel.swift; sourceTree = "<group>"; };
		F9E67C0B26AAD9C0002656CF /* PremierLeagueTeamsViewModeling.swift */ = {isa = PBXFileReference; lastKnownFileType = sourcecode.swift; path = PremierLeagueTeamsViewModeling.swift; sourceTree = "<group>"; };
		F9E67C1126AADB66002656CF /* PremierLeagueRepository.swift */ = {isa = PBXFileReference; lastKnownFileType = sourcecode.swift; path = PremierLeagueRepository.swift; sourceTree = "<group>"; };
		F9E67C2026AADC85002656CF /* RequestHandler.swift */ = {isa = PBXFileReference; fileEncoding = 4; lastKnownFileType = sourcecode.swift; path = RequestHandler.swift; sourceTree = "<group>"; };
		F9E67C2126AADC85002656CF /* RequestType.swift */ = {isa = PBXFileReference; fileEncoding = 4; lastKnownFileType = sourcecode.swift; path = RequestType.swift; sourceTree = "<group>"; };
		F9E67C2526AADC85002656CF /* Extensions.swift */ = {isa = PBXFileReference; fileEncoding = 4; lastKnownFileType = sourcecode.swift; path = Extensions.swift; sourceTree = "<group>"; };
		F9E67C2726AADC85002656CF /* ResponseDecoder.swift */ = {isa = PBXFileReference; fileEncoding = 4; lastKnownFileType = sourcecode.swift; path = ResponseDecoder.swift; sourceTree = "<group>"; };
		F9E67C2926AADC85002656CF /* Error.swift */ = {isa = PBXFileReference; fileEncoding = 4; lastKnownFileType = sourcecode.swift; path = Error.swift; sourceTree = "<group>"; };
		F9E67C3426AADD4E002656CF /* RequestFetcher.swift */ = {isa = PBXFileReference; lastKnownFileType = sourcecode.swift; path = RequestFetcher.swift; sourceTree = "<group>"; };
		F9E67C3926AADDB7002656CF /* Decoder.swift */ = {isa = PBXFileReference; lastKnownFileType = sourcecode.swift; path = Decoder.swift; sourceTree = "<group>"; };
		F9E67C3E26AAE078002656CF /* PremierLeagueTeamsResponse.swift */ = {isa = PBXFileReference; fileEncoding = 4; lastKnownFileType = sourcecode.swift; path = PremierLeagueTeamsResponse.swift; sourceTree = "<group>"; };
		F9E67C4026AAE078002656CF /* Teams.swift */ = {isa = PBXFileReference; fileEncoding = 4; lastKnownFileType = sourcecode.swift; path = Teams.swift; sourceTree = "<group>"; };
/* End PBXFileReference section */

/* Begin PBXFrameworksBuildPhase section */
		F9E67BAB26AAD4F3002656CF /* Frameworks */ = {
			isa = PBXFrameworksBuildPhase;
			buildActionMask = 2147483647;
			files = (
				B1C842E2E7A32FC3B0D93F3B /* Pods_WE_VENTURE_iOS_Developer_Position_Task.framework in Frameworks */,
			);
			runOnlyForDeploymentPostprocessing = 0;
		};
/* End PBXFrameworksBuildPhase section */

/* Begin PBXGroup section */
		49D2233F235BCC78D90FFFC1 /* Pods */ = {
			isa = PBXGroup;
			children = (
				E8E7512D382F88DE26FD5FF8 /* Pods-WE-VENTURE-iOS-Developer-Position-Task.debug.xcconfig */,
				6F9C98CA303E8586DC578A73 /* Pods-WE-VENTURE-iOS-Developer-Position-Task.release.xcconfig */,
			);
			path = Pods;
			sourceTree = "<group>";
		};
		62306B9C28317741EED4982B /* Frameworks */ = {
			isa = PBXGroup;
			children = (
				35108F72601E76934338587C /* Pods_WE_VENTURE_iOS_Developer_Position_Task.framework */,
			);
			name = Frameworks;
			sourceTree = "<group>";
		};
		F930D40126AAE321005262CA /* View Controller */ = {
			isa = PBXGroup;
			children = (
				F930D40326AAE355005262CA /* PremierLeagueTeamsViewController.swift */,
				F930D40426AAE355005262CA /* PremierLeagueTeamsViewController.xib */,
			);
			path = "View Controller";
			sourceTree = "<group>";
		};
		F930D40D26AAE7D7005262CA /* UICollectionViewCell */ = {
			isa = PBXGroup;
			children = (
				F930D40E26AAE819005262CA /* PremierLeagueTeamCollectionViewCell.swift */,
				F930D40F26AAE819005262CA /* PremierLeagueTeamCollectionViewCell.xib */,
			);
			path = UICollectionViewCell;
			sourceTree = "<group>";
		};
		F930D41326AAEA3A005262CA /* UIExtensions */ = {
			isa = PBXGroup;
			children = (
				F930D41426AAEA46005262CA /* UIExtensions.swift */,
				F930D41926AAEC7A005262CA /* CircleAvatarImageView.swift */,
			);
			path = UIExtensions;
			sourceTree = "<group>";
		};
		F9577BAC26AAFCBA00564310 /* League Team Info ViewController */ = {
			isa = PBXGroup;
			children = (
				F9577BAD26AAFCE000564310 /* LeagueTeamInfoViewController.swift */,
				F9577BAE26AAFCE000564310 /* LeagueTeamInfoViewController.xib */,
			);
			path = "League Team Info ViewController";
			sourceTree = "<group>";
		};
		F9E67BA526AAD4F3002656CF = {
			isa = PBXGroup;
			children = (
				F9E67BB026AAD4F3002656CF /* WE-VENTURE-iOS-Developer-Position-Task */,
				F9E67BAF26AAD4F3002656CF /* Products */,
				49D2233F235BCC78D90FFFC1 /* Pods */,
				62306B9C28317741EED4982B /* Frameworks */,
			);
			sourceTree = "<group>";
		};
		F9E67BAF26AAD4F3002656CF /* Products */ = {
			isa = PBXGroup;
			children = (
				F9E67BAE26AAD4F3002656CF /* WE-VENTURE-iOS-Developer-Position-Task.app */,
			);
			name = Products;
			sourceTree = "<group>";
		};
		F9E67BB026AAD4F3002656CF /* WE-VENTURE-iOS-Developer-Position-Task */ = {
			isa = PBXGroup;
			children = (
				F9577BAC26AAFCBA00564310 /* League Team Info ViewController */,
				F9E67C0626AAD96B002656CF /* Premier League Teams */,
				F9E67C1026AADB54002656CF /* Repository */,
				F9E67C1E26AADC85002656CF /* Utils */,
				F9E67BB126AAD4F3002656CF /* AppDelegate.swift */,
				F9E67BBA26AAD4F4002656CF /* Assets.xcassets */,
				F9E67BBC26AAD4F5002656CF /* LaunchScreen.storyboard */,
				F9E67BBF26AAD4F5002656CF /* Info.plist */,
				F930D40826AAE387005262CA /* RootViewController.swift */,
			);
			path = "WE-VENTURE-iOS-Developer-Position-Task";
			sourceTree = "<group>";
		};
		F9E67C0626AAD96B002656CF /* Premier League Teams */ = {
			isa = PBXGroup;
			children = (
				F930D40D26AAE7D7005262CA /* UICollectionViewCell */,
				F930D40126AAE321005262CA /* View Controller */,
				F9E67C4E26AAE22F002656CF /* View  Model */,
				F9E67C3D26AAE066002656CF /* Response */,
			);
			path = "Premier League Teams";
			sourceTree = "<group>";
		};
		F9E67C1026AADB54002656CF /* Repository */ = {
			isa = PBXGroup;
			children = (
				F9E67C1126AADB66002656CF /* PremierLeagueRepository.swift */,
			);
			path = Repository;
			sourceTree = "<group>";
		};
		F9E67C1E26AADC85002656CF /* Utils */ = {
			isa = PBXGroup;
			children = (
				F930D41326AAEA3A005262CA /* UIExtensions */,
				F9E67C1F26AADC85002656CF /* RequestHandler */,
				F9E67C2526AADC85002656CF /* Extensions.swift */,
				F9E67C2626AADC85002656CF /* Decoders */,
				F9E67C2826AADC85002656CF /* Errors */,
			);
			path = Utils;
			sourceTree = "<group>";
		};
		F9E67C1F26AADC85002656CF /* RequestHandler */ = {
			isa = PBXGroup;
			children = (
				F9E67C2026AADC85002656CF /* RequestHandler.swift */,
				F9E67C2126AADC85002656CF /* RequestType.swift */,
				F9E67C3426AADD4E002656CF /* RequestFetcher.swift */,
			);
			path = RequestHandler;
			sourceTree = "<group>";
		};
		F9E67C2626AADC85002656CF /* Decoders */ = {
			isa = PBXGroup;
			children = (
				F9E67C2726AADC85002656CF /* ResponseDecoder.swift */,
				F9E67C3926AADDB7002656CF /* Decoder.swift */,
			);
			path = Decoders;
			sourceTree = "<group>";
		};
		F9E67C2826AADC85002656CF /* Errors */ = {
			isa = PBXGroup;
			children = (
				F9E67C2926AADC85002656CF /* Error.swift */,
			);
			path = Errors;
			sourceTree = "<group>";
		};
		F9E67C3D26AAE066002656CF /* Response */ = {
			isa = PBXGroup;
			children = (
				F9E67C3E26AAE078002656CF /* PremierLeagueTeamsResponse.swift */,
				F9E67C4026AAE078002656CF /* Teams.swift */,
			);
			path = Response;
			sourceTree = "<group>";
		};
		F9E67C4E26AAE22F002656CF /* View  Model */ = {
			isa = PBXGroup;
			children = (
				F9E67C0826AAD9A2002656CF /* PremierLeagueTeamsViewModel.swift */,
				F9E67C0B26AAD9C0002656CF /* PremierLeagueTeamsViewModeling.swift */,
			);
			path = "View  Model";
			sourceTree = "<group>";
		};
/* End PBXGroup section */

/* Begin PBXNativeTarget section */
		F9E67BAD26AAD4F3002656CF /* WE-VENTURE-iOS-Developer-Position-Task */ = {
			isa = PBXNativeTarget;
			buildConfigurationList = F9E67BD826AAD4F5002656CF /* Build configuration list for PBXNativeTarget "WE-VENTURE-iOS-Developer-Position-Task" */;
			buildPhases = (
				5911C7209D6F0C94FC6A071E /* [CP] Check Pods Manifest.lock */,
				F9E67BAA26AAD4F3002656CF /* Sources */,
				F9E67BAB26AAD4F3002656CF /* Frameworks */,
				F9E67BAC26AAD4F3002656CF /* Resources */,
				4AE13A8D2D979D8FF0AF27CC /* [CP] Embed Pods Frameworks */,
			);
			buildRules = (
			);
			dependencies = (
			);
			name = "WE-VENTURE-iOS-Developer-Position-Task";
			productName = "WE-VENTURE-iOS-Developer-Position-Task";
			productReference = F9E67BAE26AAD4F3002656CF /* WE-VENTURE-iOS-Developer-Position-Task.app */;
			productType = "com.apple.product-type.application";
		};
/* End PBXNativeTarget section */

/* Begin PBXProject section */
		F9E67BA626AAD4F3002656CF /* Project object */ = {
			isa = PBXProject;
			attributes = {
				LastSwiftUpdateCheck = 1230;
				LastUpgradeCheck = 1230;
				TargetAttributes = {
					F9E67BAD26AAD4F3002656CF = {
						CreatedOnToolsVersion = 12.3;
					};
				};
			};
			buildConfigurationList = F9E67BA926AAD4F3002656CF /* Build configuration list for PBXProject "WE-VENTURE-iOS-Developer-Position-Task" */;
			compatibilityVersion = "Xcode 9.3";
			developmentRegion = en;
			hasScannedForEncodings = 0;
			knownRegions = (
				en,
				Base,
			);
			mainGroup = F9E67BA526AAD4F3002656CF;
			productRefGroup = F9E67BAF26AAD4F3002656CF /* Products */;
			projectDirPath = "";
			projectRoot = "";
			targets = (
				F9E67BAD26AAD4F3002656CF /* WE-VENTURE-iOS-Developer-Position-Task */,
			);
		};
/* End PBXProject section */

/* Begin PBXResourcesBuildPhase section */
		F9E67BAC26AAD4F3002656CF /* Resources */ = {
			isa = PBXResourcesBuildPhase;
			buildActionMask = 2147483647;
			files = (
				F9E67BBE26AAD4F5002656CF /* LaunchScreen.storyboard in Resources */,
				F930D41126AAE819005262CA /* PremierLeagueTeamCollectionViewCell.xib in Resources */,
				F9E67BBB26AAD4F4002656CF /* Assets.xcassets in Resources */,
				F930D40626AAE355005262CA /* PremierLeagueTeamsViewController.xib in Resources */,
				F9577BB026AAFCE000564310 /* LeagueTeamInfoViewController.xib in Resources */,
			);
			runOnlyForDeploymentPostprocessing = 0;
		};
/* End PBXResourcesBuildPhase section */

/* Begin PBXShellScriptBuildPhase section */
		4AE13A8D2D979D8FF0AF27CC /* [CP] Embed Pods Frameworks */ = {
			isa = PBXShellScriptBuildPhase;
			buildActionMask = 2147483647;
			files = (
			);
			inputFileListPaths = (
				"${PODS_ROOT}/Target Support Files/Pods-WE-VENTURE-iOS-Developer-Position-Task/Pods-WE-VENTURE-iOS-Developer-Position-Task-frameworks-${CONFIGURATION}-input-files.xcfilelist",
			);
			name = "[CP] Embed Pods Frameworks";
			outputFileListPaths = (
				"${PODS_ROOT}/Target Support Files/Pods-WE-VENTURE-iOS-Developer-Position-Task/Pods-WE-VENTURE-iOS-Developer-Position-Task-frameworks-${CONFIGURATION}-output-files.xcfilelist",
			);
			runOnlyForDeploymentPostprocessing = 0;
			shellPath = /bin/sh;
			shellScript = "\"${PODS_ROOT}/Target Support Files/Pods-WE-VENTURE-iOS-Developer-Position-Task/Pods-WE-VENTURE-iOS-Developer-Position-Task-frameworks.sh\"\n";
			showEnvVarsInLog = 0;
		};
		5911C7209D6F0C94FC6A071E /* [CP] Check Pods Manifest.lock */ = {
			isa = PBXShellScriptBuildPhase;
			buildActionMask = 2147483647;
			files = (
			);
			inputFileListPaths = (
			);
			inputPaths = (
				"${PODS_PODFILE_DIR_PATH}/Podfile.lock",
				"${PODS_ROOT}/Manifest.lock",
			);
			name = "[CP] Check Pods Manifest.lock";
			outputFileListPaths = (
			);
			outputPaths = (
				"$(DERIVED_FILE_DIR)/Pods-WE-VENTURE-iOS-Developer-Position-Task-checkManifestLockResult.txt",
			);
			runOnlyForDeploymentPostprocessing = 0;
			shellPath = /bin/sh;
			shellScript = "diff \"${PODS_PODFILE_DIR_PATH}/Podfile.lock\" \"${PODS_ROOT}/Manifest.lock\" > /dev/null\nif [ $? != 0 ] ; then\n    # print error to STDERR\n    echo \"error: The sandbox is not in sync with the Podfile.lock. Run 'pod install' or update your CocoaPods installation.\" >&2\n    exit 1\nfi\n# This output is used by Xcode 'outputs' to avoid re-running this script phase.\necho \"SUCCESS\" > \"${SCRIPT_OUTPUT_FILE_0}\"\n";
			showEnvVarsInLog = 0;
		};
/* End PBXShellScriptBuildPhase section */

/* Begin PBXSourcesBuildPhase section */
		F9E67BAA26AAD4F3002656CF /* Sources */ = {
			isa = PBXSourcesBuildPhase;
			buildActionMask = 2147483647;
			files = (
				F9577BAF26AAFCE000564310 /* LeagueTeamInfoViewController.swift in Sources */,
				F9E67C4626AAE078002656CF /* Teams.swift in Sources */,
				F9E67BB226AAD4F3002656CF /* AppDelegate.swift in Sources */,
				F9E67C2E26AADC85002656CF /* Extensions.swift in Sources */,
				F9E67C2A26AADC85002656CF /* RequestHandler.swift in Sources */,
				F9E67C3026AADC85002656CF /* Error.swift in Sources */,
				F930D40526AAE355005262CA /* PremierLeagueTeamsViewController.swift in Sources */,
				F9E67C0926AAD9A2002656CF /* PremierLeagueTeamsViewModel.swift in Sources */,
				F930D41A26AAEC7A005262CA /* CircleAvatarImageView.swift in Sources */,
				F9E67C3526AADD4E002656CF /* RequestFetcher.swift in Sources */,
				F9E67C0C26AAD9C0002656CF /* PremierLeagueTeamsViewModeling.swift in Sources */,
				F930D41026AAE819005262CA /* PremierLeagueTeamCollectionViewCell.swift in Sources */,
				F9E67C1226AADB66002656CF /* PremierLeagueRepository.swift in Sources */,
				F930D41526AAEA46005262CA /* UIExtensions.swift in Sources */,
				F930D40926AAE387005262CA /* RootViewController.swift in Sources */,
				F9E67C2F26AADC85002656CF /* ResponseDecoder.swift in Sources */,
				F9E67C3A26AADDB7002656CF /* Decoder.swift in Sources */,
				F9E67C4426AAE078002656CF /* PremierLeagueTeamsResponse.swift in Sources */,
				F9E67C2B26AADC85002656CF /* RequestType.swift in Sources */,
			);
			runOnlyForDeploymentPostprocessing = 0;
		};
/* End PBXSourcesBuildPhase section */

/* Begin PBXVariantGroup section */
		F9E67BBC26AAD4F5002656CF /* LaunchScreen.storyboard */ = {
			isa = PBXVariantGroup;
			children = (
				F9E67BBD26AAD4F5002656CF /* Base */,
			);
			name = LaunchScreen.storyboard;
			sourceTree = "<group>";
		};
/* End PBXVariantGroup section */

/* Begin XCBuildConfiguration section */
		F9E67BD626AAD4F5002656CF /* Debug */ = {
			isa = XCBuildConfiguration;
			buildSettings = {
				ALWAYS_SEARCH_USER_PATHS = NO;
				CLANG_ANALYZER_NONNULL = YES;
				CLANG_ANALYZER_NUMBER_OBJECT_CONVERSION = YES_AGGRESSIVE;
				CLANG_CXX_LANGUAGE_STANDARD = "gnu++14";
				CLANG_CXX_LIBRARY = "libc++";
				CLANG_ENABLE_MODULES = YES;
				CLANG_ENABLE_OBJC_ARC = YES;
				CLANG_ENABLE_OBJC_WEAK = YES;
				CLANG_WARN_BLOCK_CAPTURE_AUTORELEASING = YES;
				CLANG_WARN_BOOL_CONVERSION = YES;
				CLANG_WARN_COMMA = YES;
				CLANG_WARN_CONSTANT_CONVERSION = YES;
				CLANG_WARN_DEPRECATED_OBJC_IMPLEMENTATIONS = YES;
				CLANG_WARN_DIRECT_OBJC_ISA_USAGE = YES_ERROR;
				CLANG_WARN_DOCUMENTATION_COMMENTS = YES;
				CLANG_WARN_EMPTY_BODY = YES;
				CLANG_WARN_ENUM_CONVERSION = YES;
				CLANG_WARN_INFINITE_RECURSION = YES;
				CLANG_WARN_INT_CONVERSION = YES;
				CLANG_WARN_NON_LITERAL_NULL_CONVERSION = YES;
				CLANG_WARN_OBJC_IMPLICIT_RETAIN_SELF = YES;
				CLANG_WARN_OBJC_LITERAL_CONVERSION = YES;
				CLANG_WARN_OBJC_ROOT_CLASS = YES_ERROR;
				CLANG_WARN_QUOTED_INCLUDE_IN_FRAMEWORK_HEADER = YES;
				CLANG_WARN_RANGE_LOOP_ANALYSIS = YES;
				CLANG_WARN_STRICT_PROTOTYPES = YES;
				CLANG_WARN_SUSPICIOUS_MOVE = YES;
				CLANG_WARN_UNGUARDED_AVAILABILITY = YES_AGGRESSIVE;
				CLANG_WARN_UNREACHABLE_CODE = YES;
				CLANG_WARN__DUPLICATE_METHOD_MATCH = YES;
				COPY_PHASE_STRIP = NO;
				DEBUG_INFORMATION_FORMAT = dwarf;
				ENABLE_STRICT_OBJC_MSGSEND = YES;
				ENABLE_TESTABILITY = YES;
				GCC_C_LANGUAGE_STANDARD = gnu11;
				GCC_DYNAMIC_NO_PIC = NO;
				GCC_NO_COMMON_BLOCKS = YES;
				GCC_OPTIMIZATION_LEVEL = 0;
				GCC_PREPROCESSOR_DEFINITIONS = (
					"DEBUG=1",
					"$(inherited)",
				);
				GCC_WARN_64_TO_32_BIT_CONVERSION = YES;
				GCC_WARN_ABOUT_RETURN_TYPE = YES_ERROR;
				GCC_WARN_UNDECLARED_SELECTOR = YES;
				GCC_WARN_UNINITIALIZED_AUTOS = YES_AGGRESSIVE;
				GCC_WARN_UNUSED_FUNCTION = YES;
				GCC_WARN_UNUSED_VARIABLE = YES;
				IPHONEOS_DEPLOYMENT_TARGET = 14.3;
				MTL_ENABLE_DEBUG_INFO = INCLUDE_SOURCE;
				MTL_FAST_MATH = YES;
				ONLY_ACTIVE_ARCH = YES;
				SDKROOT = iphoneos;
				SWIFT_ACTIVE_COMPILATION_CONDITIONS = DEBUG;
				SWIFT_OPTIMIZATION_LEVEL = "-Onone";
			};
			name = Debug;
		};
		F9E67BD726AAD4F5002656CF /* Release */ = {
			isa = XCBuildConfiguration;
			buildSettings = {
				ALWAYS_SEARCH_USER_PATHS = NO;
				CLANG_ANALYZER_NONNULL = YES;
				CLANG_ANALYZER_NUMBER_OBJECT_CONVERSION = YES_AGGRESSIVE;
				CLANG_CXX_LANGUAGE_STANDARD = "gnu++14";
				CLANG_CXX_LIBRARY = "libc++";
				CLANG_ENABLE_MODULES = YES;
				CLANG_ENABLE_OBJC_ARC = YES;
				CLANG_ENABLE_OBJC_WEAK = YES;
				CLANG_WARN_BLOCK_CAPTURE_AUTORELEASING = YES;
				CLANG_WARN_BOOL_CONVERSION = YES;
				CLANG_WARN_COMMA = YES;
				CLANG_WARN_CONSTANT_CONVERSION = YES;
				CLANG_WARN_DEPRECATED_OBJC_IMPLEMENTATIONS = YES;
				CLANG_WARN_DIRECT_OBJC_ISA_USAGE = YES_ERROR;
				CLANG_WARN_DOCUMENTATION_COMMENTS = YES;
				CLANG_WARN_EMPTY_BODY = YES;
				CLANG_WARN_ENUM_CONVERSION = YES;
				CLANG_WARN_INFINITE_RECURSION = YES;
				CLANG_WARN_INT_CONVERSION = YES;
				CLANG_WARN_NON_LITERAL_NULL_CONVERSION = YES;
				CLANG_WARN_OBJC_IMPLICIT_RETAIN_SELF = YES;
				CLANG_WARN_OBJC_LITERAL_CONVERSION = YES;
				CLANG_WARN_OBJC_ROOT_CLASS = YES_ERROR;
				CLANG_WARN_QUOTED_INCLUDE_IN_FRAMEWORK_HEADER = YES;
				CLANG_WARN_RANGE_LOOP_ANALYSIS = YES;
				CLANG_WARN_STRICT_PROTOTYPES = YES;
				CLANG_WARN_SUSPICIOUS_MOVE = YES;
				CLANG_WARN_UNGUARDED_AVAILABILITY = YES_AGGRESSIVE;
				CLANG_WARN_UNREACHABLE_CODE = YES;
				CLANG_WARN__DUPLICATE_METHOD_MATCH = YES;
				COPY_PHASE_STRIP = NO;
				DEBUG_INFORMATION_FORMAT = "dwarf-with-dsym";
				ENABLE_NS_ASSERTIONS = NO;
				ENABLE_STRICT_OBJC_MSGSEND = YES;
				GCC_C_LANGUAGE_STANDARD = gnu11;
				GCC_NO_COMMON_BLOCKS = YES;
				GCC_WARN_64_TO_32_BIT_CONVERSION = YES;
				GCC_WARN_ABOUT_RETURN_TYPE = YES_ERROR;
				GCC_WARN_UNDECLARED_SELECTOR = YES;
				GCC_WARN_UNINITIALIZED_AUTOS = YES_AGGRESSIVE;
				GCC_WARN_UNUSED_FUNCTION = YES;
				GCC_WARN_UNUSED_VARIABLE = YES;
				IPHONEOS_DEPLOYMENT_TARGET = 14.3;
				MTL_ENABLE_DEBUG_INFO = NO;
				MTL_FAST_MATH = YES;
				SDKROOT = iphoneos;
				SWIFT_COMPILATION_MODE = wholemodule;
				SWIFT_OPTIMIZATION_LEVEL = "-O";
				VALIDATE_PRODUCT = YES;
			};
			name = Release;
		};
		F9E67BD926AAD4F5002656CF /* Debug */ = {
			isa = XCBuildConfiguration;
			baseConfigurationReference = E8E7512D382F88DE26FD5FF8 /* Pods-WE-VENTURE-iOS-Developer-Position-Task.debug.xcconfig */;
			buildSettings = {
				ASSETCATALOG_COMPILER_APPICON_NAME = AppIcon;
				ASSETCATALOG_COMPILER_GLOBAL_ACCENT_COLOR_NAME = AccentColor;
				CODE_SIGN_STYLE = Automatic;
				DEVELOPMENT_TEAM = CUR67WKD28;
				INFOPLIST_FILE = "WE-VENTURE-iOS-Developer-Position-Task/Info.plist";
				LD_RUNPATH_SEARCH_PATHS = (
					"$(inherited)",
					"@executable_path/Frameworks",
				);
				PRODUCT_BUNDLE_IDENTIFIER = "MohamedEmad.WE-VENTURE-iOS-Developer-Position-Task";
				PRODUCT_NAME = "$(TARGET_NAME)";
				SWIFT_VERSION = 5.0;
				TARGETED_DEVICE_FAMILY = "1,2";
			};
			name = Debug;
		};
		F9E67BDA26AAD4F5002656CF /* Release */ = {
			isa = XCBuildConfiguration;
			baseConfigurationReference = 6F9C98CA303E8586DC578A73 /* Pods-WE-VENTURE-iOS-Developer-Position-Task.release.xcconfig */;
			buildSettings = {
				ASSETCATALOG_COMPILER_APPICON_NAME = AppIcon;
				ASSETCATALOG_COMPILER_GLOBAL_ACCENT_COLOR_NAME = AccentColor;
				CODE_SIGN_STYLE = Automatic;
				DEVELOPMENT_TEAM = CUR67WKD28;
				INFOPLIST_FILE = "WE-VENTURE-iOS-Developer-Position-Task/Info.plist";
				LD_RUNPATH_SEARCH_PATHS = (
					"$(inherited)",
					"@executable_path/Frameworks",
				);
				PRODUCT_BUNDLE_IDENTIFIER = "MohamedEmad.WE-VENTURE-iOS-Developer-Position-Task";
				PRODUCT_NAME = "$(TARGET_NAME)";
				SWIFT_VERSION = 5.0;
				TARGETED_DEVICE_FAMILY = "1,2";
			};
			name = Release;
		};
/* End XCBuildConfiguration section */

/* Begin XCConfigurationList section */
		F9E67BA926AAD4F3002656CF /* Build configuration list for PBXProject "WE-VENTURE-iOS-Developer-Position-Task" */ = {
			isa = XCConfigurationList;
			buildConfigurations = (
				F9E67BD626AAD4F5002656CF /* Debug */,
				F9E67BD726AAD4F5002656CF /* Release */,
			);
			defaultConfigurationIsVisible = 0;
			defaultConfigurationName = Release;
		};
		F9E67BD826AAD4F5002656CF /* Build configuration list for PBXNativeTarget "WE-VENTURE-iOS-Developer-Position-Task" */ = {
			isa = XCConfigurationList;
			buildConfigurations = (
				F9E67BD926AAD4F5002656CF /* Debug */,
				F9E67BDA26AAD4F5002656CF /* Release */,
			);
			defaultConfigurationIsVisible = 0;
			defaultConfigurationName = Release;
		};
/* End XCConfigurationList section */
	};
	rootObject = F9E67BA626AAD4F3002656CF /* Project object */;
}
